
Microsoft Visual Studio Solution File, Format Version 12.00
# Visual Studio Version 16
VisualStudioVersion = 16.0.29920.165
MinimumVisualStudioVersion = 10.0.40219.1
Project("{FAE04EC0-301F-11D3-BF4B-00C04F79EFBC}") = "EstudoAPI", "EstudoAPI\EstudoAPI.csproj", "{C196246F-FF61-431B-B266-BD45ED4D774C}"
EndProject
Global
	GlobalSection(SolutionConfigurationPlatforms) = preSolution
		Debug|Any CPU = Debug|Any CPU
		Release|Any CPU = Release|Any CPU
	EndGlobalSection
	GlobalSection(ProjectConfigurationPlatforms) = postSolution
		{C196246F-FF61-431B-B266-BD45ED4D774C}.Debug|Any CPU.ActiveCfg = Debug|Any CPU
		{C196246F-FF61-431B-B266-BD45ED4D774C}.Debug|Any CPU.Build.0 = Debug|Any CPU
		{C196246F-FF61-431B-B266-BD45ED4D774C}.Release|Any CPU.ActiveCfg = Release|Any CPU
		{C196246F-FF61-431B-B266-BD45ED4D774C}.Release|Any CPU.Build.0 = Release|Any CPU
	EndGlobalSection
	GlobalSection(SolutionProperties) = preSolution
		HideSolutionNode = FALSE
	EndGlobalSection
	GlobalSection(ExtensibilityGlobals) = postSolution
		SolutionGuid = {C7E06333-9C72-4C32-88F6-70A9BA0B0C6E}
	EndGlobalSection
EndGlobal
